
Microsoft Visual Studio Solution File, Format Version 12.00
# Visual Studio 15
VisualStudioVersion = 15.0.28307.705
MinimumVisualStudioVersion = 10.0.40219.1
Project("{FAE04EC0-301F-11D3-BF4B-00C04F79EFBC}") = "Register", "Register\Register.csproj", "{C9D4FB8C-956C-47AB-9C9C-B61525F0F875}"
EndProject
Global
	GlobalSection(SolutionConfigurationPlatforms) = preSolution
		Debug|Any CPU = Debug|Any CPU
		Release|Any CPU = Release|Any CPU
	EndGlobalSection
	GlobalSection(ProjectConfigurationPlatforms) = postSolution
		{C9D4FB8C-956C-47AB-9C9C-B61525F0F875}.Debug|Any CPU.ActiveCfg = Debug|Any CPU
		{C9D4FB8C-956C-47AB-9C9C-B61525F0F875}.Debug|Any CPU.Build.0 = Debug|Any CPU
		{C9D4FB8C-956C-47AB-9C9C-B61525F0F875}.Release|Any CPU.ActiveCfg = Release|Any CPU
		{C9D4FB8C-956C-47AB-9C9C-B61525F0F875}.Release|Any CPU.Build.0 = Release|Any CPU
	EndGlobalSection
	GlobalSection(SolutionProperties) = preSolution
		HideSolutionNode = FALSE
	EndGlobalSection
	GlobalSection(ExtensibilityGlobals) = postSolution
		SolutionGuid = {B59BE76D-4E5C-425D-8AD3-3DE24176ED59}
	EndGlobalSection
EndGlobal
